// !$*UTF8*$!
{
	archiveVersion = 1;
	classes = {
	};
	objectVersion = 46;
	objects = {

/* Begin PBXBuildFile section */
		E45A783E1F58F801006BD787 /* main.m in Sources */ = {isa = PBXBuildFile; fileRef = E45A783D1F58F801006BD787 /* main.m */; };
		E45A78411F58F801006BD787 /* AppDelegate.m in Sources */ = {isa = PBXBuildFile; fileRef = E45A78401F58F801006BD787 /* AppDelegate.m */; };
		E45A78441F58F801006BD787 /* ViewController.m in Sources */ = {isa = PBXBuildFile; fileRef = E45A78431F58F801006BD787 /* ViewController.m */; };
		E45A78471F58F801006BD787 /* Main.storyboard in Resources */ = {isa = PBXBuildFile; fileRef = E45A78451F58F801006BD787 /* Main.storyboard */; };
		E45A78491F58F801006BD787 /* Assets.xcassets in Resources */ = {isa = PBXBuildFile; fileRef = E45A78481F58F801006BD787 /* Assets.xcassets */; };
		E45A784C1F58F801006BD787 /* LaunchScreen.storyboard in Resources */ = {isa = PBXBuildFile; fileRef = E45A784A1F58F801006BD787 /* LaunchScreen.storyboard */; };
		E45A78571F58F801006BD787 /* MeetingAssistantTests.m in Sources */ = {isa = PBXBuildFile; fileRef = E45A78561F58F801006BD787 /* MeetingAssistantTests.m */; };
		E45A78621F58F801006BD787 /* MeetingAssistantUITests.m in Sources */ = {isa = PBXBuildFile; fileRef = E45A78611F58F801006BD787 /* MeetingAssistantUITests.m */; };
		E45A78771F59013E006BD787 /* GCDAsyncSocket.m in Sources */ = {isa = PBXBuildFile; fileRef = E45A78741F59013E006BD787 /* GCDAsyncSocket.m */; };
		E45A78781F59013E006BD787 /* GCDAsyncUdpSocket.m in Sources */ = {isa = PBXBuildFile; fileRef = E45A78761F59013E006BD787 /* GCDAsyncUdpSocket.m */; };
		E45A787E1F5906C8006BD787 /* MBProgressHUD+TVAssistant.m in Sources */ = {isa = PBXBuildFile; fileRef = E45A787B1F5906C8006BD787 /* MBProgressHUD+TVAssistant.m */; };
		E45A787F1F5906C8006BD787 /* MBProgressHUD.m in Sources */ = {isa = PBXBuildFile; fileRef = E45A787D1F5906C8006BD787 /* MBProgressHUD.m */; };
		E45A78821F59085F006BD787 /* UIViewController+HUD.m in Sources */ = {isa = PBXBuildFile; fileRef = E45A78811F59085F006BD787 /* UIViewController+HUD.m */; };
/* End PBXBuildFile section */

/* Begin PBXContainerItemProxy section */
		E45A78531F58F801006BD787 /* PBXContainerItemProxy */ = {
			isa = PBXContainerItemProxy;
			containerPortal = E45A78311F58F801006BD787 /* Project object */;
			proxyType = 1;
			remoteGlobalIDString = E45A78381F58F801006BD787;
			remoteInfo = MeetingAssistant;
		};
		E45A785E1F58F801006BD787 /* PBXContainerItemProxy */ = {
			isa = PBXContainerItemProxy;
			containerPortal = E45A78311F58F801006BD787 /* Project object */;
			proxyType = 1;
			remoteGlobalIDString = E45A78381F58F801006BD787;
			remoteInfo = MeetingAssistant;
		};
/* End PBXContainerItemProxy section */

/* Begin PBXFileReference section */
		E45A78391F58F801006BD787 /* MeetingAssistant.app */ = {isa = PBXFileReference; explicitFileType = wrapper.application; includeInIndex = 0; path = MeetingAssistant.app; sourceTree = BUILT_PRODUCTS_DIR; };
		E45A783D1F58F801006BD787 /* main.m */ = {isa = PBXFileReference; lastKnownFileType = sourcecode.c.objc; path = main.m; sourceTree = "<group>"; };
		E45A783F1F58F801006BD787 /* AppDelegate.h */ = {isa = PBXFileReference; lastKnownFileType = sourcecode.c.h; path = AppDelegate.h; sourceTree = "<group>"; };
		E45A78401F58F801006BD787 /* AppDelegate.m */ = {isa = PBXFileReference; lastKnownFileType = sourcecode.c.objc; path = AppDelegate.m; sourceTree = "<group>"; };
		E45A78421F58F801006BD787 /* ViewController.h */ = {isa = PBXFileReference; lastKnownFileType = sourcecode.c.h; path = ViewController.h; sourceTree = "<group>"; };
		E45A78431F58F801006BD787 /* ViewController.m */ = {isa = PBXFileReference; lastKnownFileType = sourcecode.c.objc; path = ViewController.m; sourceTree = "<group>"; };
		E45A78461F58F801006BD787 /* Base */ = {isa = PBXFileReference; lastKnownFileType = file.storyboard; name = Base; path = Base.lproj/Main.storyboard; sourceTree = "<group>"; };
		E45A78481F58F801006BD787 /* Assets.xcassets */ = {isa = PBXFileReference; lastKnownFileType = folder.assetcatalog; path = Assets.xcassets; sourceTree = "<group>"; };
		E45A784B1F58F801006BD787 /* Base */ = {isa = PBXFileReference; lastKnownFileType = file.storyboard; name = Base; path = Base.lproj/LaunchScreen.storyboard; sourceTree = "<group>"; };
		E45A784D1F58F801006BD787 /* Info.plist */ = {isa = PBXFileReference; lastKnownFileType = text.plist.xml; path = Info.plist; sourceTree = "<group>"; };
		E45A78521F58F801006BD787 /* MeetingAssistantTests.xctest */ = {isa = PBXFileReference; explicitFileType = wrapper.cfbundle; includeInIndex = 0; path = MeetingAssistantTests.xctest; sourceTree = BUILT_PRODUCTS_DIR; };
		E45A78561F58F801006BD787 /* MeetingAssistantTests.m */ = {isa = PBXFileReference; lastKnownFileType = sourcecode.c.objc; path = MeetingAssistantTests.m; sourceTree = "<group>"; };
		E45A78581F58F801006BD787 /* Info.plist */ = {isa = PBXFileReference; lastKnownFileType = text.plist.xml; path = Info.plist; sourceTree = "<group>"; };
		E45A785D1F58F801006BD787 /* MeetingAssistantUITests.xctest */ = {isa = PBXFileReference; explicitFileType = wrapper.cfbundle; includeInIndex = 0; path = MeetingAssistantUITests.xctest; sourceTree = BUILT_PRODUCTS_DIR; };
		E45A78611F58F801006BD787 /* MeetingAssistantUITests.m */ = {isa = PBXFileReference; lastKnownFileType = sourcecode.c.objc; path = MeetingAssistantUITests.m; sourceTree = "<group>"; };
		E45A78631F58F801006BD787 /* Info.plist */ = {isa = PBXFileReference; lastKnownFileType = text.plist.xml; path = Info.plist; sourceTree = "<group>"; };
		E45A78731F59013E006BD787 /* GCDAsyncSocket.h */ = {isa = PBXFileReference; fileEncoding = 4; lastKnownFileType = sourcecode.c.h; path = GCDAsyncSocket.h; sourceTree = "<group>"; };
		E45A78741F59013E006BD787 /* GCDAsyncSocket.m */ = {isa = PBXFileReference; fileEncoding = 4; lastKnownFileType = sourcecode.c.objc; path = GCDAsyncSocket.m; sourceTree = "<group>"; };
		E45A78751F59013E006BD787 /* GCDAsyncUdpSocket.h */ = {isa = PBXFileReference; fileEncoding = 4; lastKnownFileType = sourcecode.c.h; path = GCDAsyncUdpSocket.h; sourceTree = "<group>"; };
		E45A78761F59013E006BD787 /* GCDAsyncUdpSocket.m */ = {isa = PBXFileReference; fileEncoding = 4; lastKnownFileType = sourcecode.c.objc; path = GCDAsyncUdpSocket.m; sourceTree = "<group>"; };
		E45A787A1F5906C8006BD787 /* MBProgressHUD+TVAssistant.h */ = {isa = PBXFileReference; fileEncoding = 4; lastKnownFileType = sourcecode.c.h; path = "MBProgressHUD+TVAssistant.h"; sourceTree = "<group>"; };
		E45A787B1F5906C8006BD787 /* MBProgressHUD+TVAssistant.m */ = {isa = PBXFileReference; fileEncoding = 4; lastKnownFileType = sourcecode.c.objc; path = "MBProgressHUD+TVAssistant.m"; sourceTree = "<group>"; };
		E45A787C1F5906C8006BD787 /* MBProgressHUD.h */ = {isa = PBXFileReference; fileEncoding = 4; lastKnownFileType = sourcecode.c.h; path = MBProgressHUD.h; sourceTree = "<group>"; };
		E45A787D1F5906C8006BD787 /* MBProgressHUD.m */ = {isa = PBXFileReference; fileEncoding = 4; lastKnownFileType = sourcecode.c.objc; path = MBProgressHUD.m; sourceTree = "<group>"; };
		E45A78801F59085F006BD787 /* UIViewController+HUD.h */ = {isa = PBXFileReference; fileEncoding = 4; lastKnownFileType = sourcecode.c.h; path = "UIViewController+HUD.h"; sourceTree = "<group>"; };
		E45A78811F59085F006BD787 /* UIViewController+HUD.m */ = {isa = PBXFileReference; fileEncoding = 4; lastKnownFileType = sourcecode.c.objc; path = "UIViewController+HUD.m"; sourceTree = "<group>"; };
/* End PBXFileReference section */

/* Begin PBXFrameworksBuildPhase section */
		E45A78361F58F801006BD787 /* Frameworks */ = {
			isa = PBXFrameworksBuildPhase;
			buildActionMask = 2147483647;
			files = (
			);
			runOnlyForDeploymentPostprocessing = 0;
		};
		E45A784F1F58F801006BD787 /* Frameworks */ = {
			isa = PBXFrameworksBuildPhase;
			buildActionMask = 2147483647;
			files = (
			);
			runOnlyForDeploymentPostprocessing = 0;
		};
		E45A785A1F58F801006BD787 /* Frameworks */ = {
			isa = PBXFrameworksBuildPhase;
			buildActionMask = 2147483647;
			files = (
			);
			runOnlyForDeploymentPostprocessing = 0;
		};
/* End PBXFrameworksBuildPhase section */

/* Begin PBXGroup section */
		E45A78301F58F801006BD787 = {
			isa = PBXGroup;
			children = (
				E45A783B1F58F801006BD787 /* MeetingAssistant */,
				E45A78551F58F801006BD787 /* MeetingAssistantTests */,
				E45A78601F58F801006BD787 /* MeetingAssistantUITests */,
				E45A783A1F58F801006BD787 /* Products */,
			);
			sourceTree = "<group>";
		};
		E45A783A1F58F801006BD787 /* Products */ = {
			isa = PBXGroup;
			children = (
				E45A78391F58F801006BD787 /* MeetingAssistant.app */,
				E45A78521F58F801006BD787 /* MeetingAssistantTests.xctest */,
				E45A785D1F58F801006BD787 /* MeetingAssistantUITests.xctest */,
			);
			name = Products;
			sourceTree = "<group>";
		};
		E45A783B1F58F801006BD787 /* MeetingAssistant */ = {
			isa = PBXGroup;
			children = (
				E45A783F1F58F801006BD787 /* AppDelegate.h */,
				E45A78401F58F801006BD787 /* AppDelegate.m */,
				E45A78421F58F801006BD787 /* ViewController.h */,
				E45A78431F58F801006BD787 /* ViewController.m */,
				E45A78711F59013E006BD787 /* 3rdParty */,
				E45A78451F58F801006BD787 /* Main.storyboard */,
				E45A78481F58F801006BD787 /* Assets.xcassets */,
				E45A784A1F58F801006BD787 /* LaunchScreen.storyboard */,
				E45A784D1F58F801006BD787 /* Info.plist */,
				E45A783C1F58F801006BD787 /* Supporting Files */,
			);
			path = MeetingAssistant;
			sourceTree = "<group>";
		};
		E45A783C1F58F801006BD787 /* Supporting Files */ = {
			isa = PBXGroup;
			children = (
				E45A783D1F58F801006BD787 /* main.m */,
			);
			name = "Supporting Files";
			sourceTree = "<group>";
		};
		E45A78551F58F801006BD787 /* MeetingAssistantTests */ = {
			isa = PBXGroup;
			children = (
				E45A78561F58F801006BD787 /* MeetingAssistantTests.m */,
				E45A78581F58F801006BD787 /* Info.plist */,
			);
			path = MeetingAssistantTests;
			sourceTree = "<group>";
		};
		E45A78601F58F801006BD787 /* MeetingAssistantUITests */ = {
			isa = PBXGroup;
			children = (
				E45A78611F58F801006BD787 /* MeetingAssistantUITests.m */,
				E45A78631F58F801006BD787 /* Info.plist */,
			);
			path = MeetingAssistantUITests;
			sourceTree = "<group>";
		};
		E45A78711F59013E006BD787 /* 3rdParty */ = {
			isa = PBXGroup;
			children = (
				E45A78791F5906C8006BD787 /* MBProgressHUD */,
				E45A78721F59013E006BD787 /* GCD */,
			);
			path = 3rdParty;
			sourceTree = "<group>";
		};
		E45A78721F59013E006BD787 /* GCD */ = {
			isa = PBXGroup;
			children = (
				E45A78731F59013E006BD787 /* GCDAsyncSocket.h */,
				E45A78741F59013E006BD787 /* GCDAsyncSocket.m */,
				E45A78751F59013E006BD787 /* GCDAsyncUdpSocket.h */,
				E45A78761F59013E006BD787 /* GCDAsyncUdpSocket.m */,
			);
			path = GCD;
			sourceTree = "<group>";
		};
		E45A78791F5906C8006BD787 /* MBProgressHUD */ = {
			isa = PBXGroup;
			children = (
				E45A78801F59085F006BD787 /* UIViewController+HUD.h */,
				E45A78811F59085F006BD787 /* UIViewController+HUD.m */,
				E45A787A1F5906C8006BD787 /* MBProgressHUD+TVAssistant.h */,
				E45A787B1F5906C8006BD787 /* MBProgressHUD+TVAssistant.m */,
				E45A787C1F5906C8006BD787 /* MBProgressHUD.h */,
				E45A787D1F5906C8006BD787 /* MBProgressHUD.m */,
			);
			path = MBProgressHUD;
			sourceTree = "<group>";
		};
/* End PBXGroup section */

/* Begin PBXNativeTarget section */
		E45A78381F58F801006BD787 /* MeetingAssistant */ = {
			isa = PBXNativeTarget;
			buildConfigurationList = E45A78661F58F801006BD787 /* Build configuration list for PBXNativeTarget "MeetingAssistant" */;
			buildPhases = (
				E45A78351F58F801006BD787 /* Sources */,
				E45A78361F58F801006BD787 /* Frameworks */,
				E45A78371F58F801006BD787 /* Resources */,
			);
			buildRules = (
			);
			dependencies = (
			);
			name = MeetingAssistant;
			productName = MeetingAssistant;
			productReference = E45A78391F58F801006BD787 /* MeetingAssistant.app */;
			productType = "com.apple.product-type.application";
		};
		E45A78511F58F801006BD787 /* MeetingAssistantTests */ = {
			isa = PBXNativeTarget;
			buildConfigurationList = E45A78691F58F801006BD787 /* Build configuration list for PBXNativeTarget "MeetingAssistantTests" */;
			buildPhases = (
				E45A784E1F58F801006BD787 /* Sources */,
				E45A784F1F58F801006BD787 /* Frameworks */,
				E45A78501F58F801006BD787 /* Resources */,
			);
			buildRules = (
			);
			dependencies = (
				E45A78541F58F801006BD787 /* PBXTargetDependency */,
			);
			name = MeetingAssistantTests;
			productName = MeetingAssistantTests;
			productReference = E45A78521F58F801006BD787 /* MeetingAssistantTests.xctest */;
			productType = "com.apple.product-type.bundle.unit-test";
		};
		E45A785C1F58F801006BD787 /* MeetingAssistantUITests */ = {
			isa = PBXNativeTarget;
			buildConfigurationList = E45A786C1F58F801006BD787 /* Build configuration list for PBXNativeTarget "MeetingAssistantUITests" */;
			buildPhases = (
				E45A78591F58F801006BD787 /* Sources */,
				E45A785A1F58F801006BD787 /* Frameworks */,
				E45A785B1F58F801006BD787 /* Resources */,
			);
			buildRules = (
			);
			dependencies = (
				E45A785F1F58F801006BD787 /* PBXTargetDependency */,
			);
			name = MeetingAssistantUITests;
			productName = MeetingAssistantUITests;
			productReference = E45A785D1F58F801006BD787 /* MeetingAssistantUITests.xctest */;
			productType = "com.apple.product-type.bundle.ui-testing";
		};
/* End PBXNativeTarget section */

/* Begin PBXProject section */
		E45A78311F58F801006BD787 /* Project object */ = {
			isa = PBXProject;
			attributes = {
				LastUpgradeCheck = 0830;
				ORGANIZATIONNAME = yangqingluo;
				TargetAttributes = {
					E45A78381F58F801006BD787 = {
						CreatedOnToolsVersion = 8.3.3;
						DevelopmentTeam = EE9CJ26R9U;
						ProvisioningStyle = Automatic;
					};
					E45A78511F58F801006BD787 = {
						CreatedOnToolsVersion = 8.3.3;
						DevelopmentTeam = EE9CJ26R9U;
						ProvisioningStyle = Automatic;
						TestTargetID = E45A78381F58F801006BD787;
					};
					E45A785C1F58F801006BD787 = {
						CreatedOnToolsVersion = 8.3.3;
						DevelopmentTeam = EE9CJ26R9U;
						ProvisioningStyle = Automatic;
						TestTargetID = E45A78381F58F801006BD787;
					};
				};
			};
			buildConfigurationList = E45A78341F58F801006BD787 /* Build configuration list for PBXProject "MeetingAssistant" */;
			compatibilityVersion = "Xcode 3.2";
			developmentRegion = English;
			hasScannedForEncodings = 0;
			knownRegions = (
				en,
				Base,
			);
			mainGroup = E45A78301F58F801006BD787;
			productRefGroup = E45A783A1F58F801006BD787 /* Products */;
			projectDirPath = "";
			projectRoot = "";
			targets = (
				E45A78381F58F801006BD787 /* MeetingAssistant */,
				E45A78511F58F801006BD787 /* MeetingAssistantTests */,
				E45A785C1F58F801006BD787 /* MeetingAssistantUITests */,
			);
		};
/* End PBXProject section */

/* Begin PBXResourcesBuildPhase section */
		E45A78371F58F801006BD787 /* Resources */ = {
			isa = PBXResourcesBuildPhase;
			buildActionMask = 2147483647;
			files = (
				E45A784C1F58F801006BD787 /* LaunchScreen.storyboard in Resources */,
				E45A78491F58F801006BD787 /* Assets.xcassets in Resources */,
				E45A78471F58F801006BD787 /* Main.storyboard in Resources */,
			);
			runOnlyForDeploymentPostprocessing = 0;
		};
		E45A78501F58F801006BD787 /* Resources */ = {
			isa = PBXResourcesBuildPhase;
			buildActionMask = 2147483647;
			files = (
			);
			runOnlyForDeploymentPostprocessing = 0;
		};
		E45A785B1F58F801006BD787 /* Resources */ = {
			isa = PBXResourcesBuildPhase;
			buildActionMask = 2147483647;
			files = (
			);
			runOnlyForDeploymentPostprocessing = 0;
		};
/* End PBXResourcesBuildPhase section */

/* Begin PBXSourcesBuildPhase section */
		E45A78351F58F801006BD787 /* Sources */ = {
			isa = PBXSourcesBuildPhase;
			buildActionMask = 2147483647;
			files = (
				E45A787E1F5906C8006BD787 /* MBProgressHUD+TVAssistant.m in Sources */,
				E45A78771F59013E006BD787 /* GCDAsyncSocket.m in Sources */,
				E45A78821F59085F006BD787 /* UIViewController+HUD.m in Sources */,
				E45A78781F59013E006BD787 /* GCDAsyncUdpSocket.m in Sources */,
				E45A78441F58F801006BD787 /* ViewController.m in Sources */,
				E45A78411F58F801006BD787 /* AppDelegate.m in Sources */,
				E45A783E1F58F801006BD787 /* main.m in Sources */,
				E45A787F1F5906C8006BD787 /* MBProgressHUD.m in Sources */,
			);
			runOnlyForDeploymentPostprocessing = 0;
		};
		E45A784E1F58F801006BD787 /* Sources */ = {
			isa = PBXSourcesBuildPhase;
			buildActionMask = 2147483647;
			files = (
				E45A78571F58F801006BD787 /* MeetingAssistantTests.m in Sources */,
			);
			runOnlyForDeploymentPostprocessing = 0;
		};
		E45A78591F58F801006BD787 /* Sources */ = {
			isa = PBXSourcesBuildPhase;
			buildActionMask = 2147483647;
			files = (
				E45A78621F58F801006BD787 /* MeetingAssistantUITests.m in Sources */,
			);
			runOnlyForDeploymentPostprocessing = 0;
		};
/* End PBXSourcesBuildPhase section */

/* Begin PBXTargetDependency section */
		E45A78541F58F801006BD787 /* PBXTargetDependency */ = {
			isa = PBXTargetDependency;
			target = E45A78381F58F801006BD787 /* MeetingAssistant */;
			targetProxy = E45A78531F58F801006BD787 /* PBXContainerItemProxy */;
		};
		E45A785F1F58F801006BD787 /* PBXTargetDependency */ = {
			isa = PBXTargetDependency;
			target = E45A78381F58F801006BD787 /* MeetingAssistant */;
			targetProxy = E45A785E1F58F801006BD787 /* PBXContainerItemProxy */;
		};
/* End PBXTargetDependency section */

/* Begin PBXVariantGroup section */
		E45A78451F58F801006BD787 /* Main.storyboard */ = {
			isa = PBXVariantGroup;
			children = (
				E45A78461F58F801006BD787 /* Base */,
			);
			name = Main.storyboard;
			sourceTree = "<group>";
		};
		E45A784A1F58F801006BD787 /* LaunchScreen.storyboard */ = {
			isa = PBXVariantGroup;
			children = (
				E45A784B1F58F801006BD787 /* Base */,
			);
			name = LaunchScreen.storyboard;
			sourceTree = "<group>";
		};
/* End PBXVariantGroup section */

/* Begin XCBuildConfiguration section */
		E45A78641F58F801006BD787 /* Debug */ = {
			isa = XCBuildConfiguration;
			buildSettings = {
				ALWAYS_SEARCH_USER_PATHS = NO;
				CLANG_ANALYZER_NONNULL = YES;
				CLANG_ANALYZER_NUMBER_OBJECT_CONVERSION = YES_AGGRESSIVE;
				CLANG_CXX_LANGUAGE_STANDARD = "gnu++0x";
				CLANG_CXX_LIBRARY = "libc++";
				CLANG_ENABLE_MODULES = YES;
				CLANG_ENABLE_OBJC_ARC = YES;
				CLANG_WARN_BOOL_CONVERSION = YES;
				CLANG_WARN_CONSTANT_CONVERSION = YES;
				CLANG_WARN_DIRECT_OBJC_ISA_USAGE = YES_ERROR;
				CLANG_WARN_DOCUMENTATION_COMMENTS = YES;
				CLANG_WARN_EMPTY_BODY = YES;
				CLANG_WARN_ENUM_CONVERSION = YES;
				CLANG_WARN_INFINITE_RECURSION = YES;
				CLANG_WARN_INT_CONVERSION = YES;
				CLANG_WARN_OBJC_ROOT_CLASS = YES_ERROR;
				CLANG_WARN_SUSPICIOUS_MOVE = YES;
				CLANG_WARN_UNREACHABLE_CODE = YES;
				CLANG_WARN__DUPLICATE_METHOD_MATCH = YES;
				"CODE_SIGN_IDENTITY[sdk=iphoneos*]" = "iPhone Developer";
				COPY_PHASE_STRIP = NO;
				DEBUG_INFORMATION_FORMAT = dwarf;
				ENABLE_STRICT_OBJC_MSGSEND = YES;
				ENABLE_TESTABILITY = YES;
				GCC_C_LANGUAGE_STANDARD = gnu99;
				GCC_DYNAMIC_NO_PIC = NO;
				GCC_NO_COMMON_BLOCKS = YES;
				GCC_OPTIMIZATION_LEVEL = 0;
				GCC_PREPROCESSOR_DEFINITIONS = (
					"DEBUG=1",
					"$(inherited)",
				);
				GCC_WARN_64_TO_32_BIT_CONVERSION = YES;
				GCC_WARN_ABOUT_RETURN_TYPE = YES_ERROR;
				GCC_WARN_UNDECLARED_SELECTOR = YES;
				GCC_WARN_UNINITIALIZED_AUTOS = YES_AGGRESSIVE;
				GCC_WARN_UNUSED_FUNCTION = YES;
				GCC_WARN_UNUSED_VARIABLE = YES;
				IPHONEOS_DEPLOYMENT_TARGET = 8.0;
				MTL_ENABLE_DEBUG_INFO = YES;
				ONLY_ACTIVE_ARCH = YES;
				SDKROOT = iphoneos;
				TARGETED_DEVICE_FAMILY = "1,2";
			};
			name = Debug;
		};
		E45A78651F58F801006BD787 /* Release */ = {
			isa = XCBuildConfiguration;
			buildSettings = {
				ALWAYS_SEARCH_USER_PATHS = NO;
				CLANG_ANALYZER_NONNULL = YES;
				CLANG_ANALYZER_NUMBER_OBJECT_CONVERSION = YES_AGGRESSIVE;
				CLANG_CXX_LANGUAGE_STANDARD = "gnu++0x";
				CLANG_CXX_LIBRARY = "libc++";
				CLANG_ENABLE_MODULES = YES;
				CLANG_ENABLE_OBJC_ARC = YES;
				CLANG_WARN_BOOL_CONVERSION = YES;
				CLANG_WARN_CONSTANT_CONVERSION = YES;
				CLANG_WARN_DIRECT_OBJC_ISA_USAGE = YES_ERROR;
				CLANG_WARN_DOCUMENTATION_COMMENTS = YES;
				CLANG_WARN_EMPTY_BODY = YES;
				CLANG_WARN_ENUM_CONVERSION = YES;
				CLANG_WARN_INFINITE_RECURSION = YES;
				CLANG_WARN_INT_CONVERSION = YES;
				CLANG_WARN_OBJC_ROOT_CLASS = YES_ERROR;
				CLANG_WARN_SUSPICIOUS_MOVE = YES;
				CLANG_WARN_UNREACHABLE_CODE = YES;
				CLANG_WARN__DUPLICATE_METHOD_MATCH = YES;
				"CODE_SIGN_IDENTITY[sdk=iphoneos*]" = "iPhone Developer";
				COPY_PHASE_STRIP = NO;
				DEBUG_INFORMATION_FORMAT = "dwarf-with-dsym";
				ENABLE_NS_ASSERTIONS = NO;
				ENABLE_STRICT_OBJC_MSGSEND = YES;
				GCC_C_LANGUAGE_STANDARD = gnu99;
				GCC_NO_COMMON_BLOCKS = YES;
				GCC_WARN_64_TO_32_BIT_CONVERSION = YES;
				GCC_WARN_ABOUT_RETURN_TYPE = YES_ERROR;
				GCC_WARN_UNDECLARED_SELECTOR = YES;
				GCC_WARN_UNINITIALIZED_AUTOS = YES_AGGRESSIVE;
				GCC_WARN_UNUSED_FUNCTION = YES;
				GCC_WARN_UNUSED_VARIABLE = YES;
				IPHONEOS_DEPLOYMENT_TARGET = 8.0;
				MTL_ENABLE_DEBUG_INFO = NO;
				SDKROOT = iphoneos;
				TARGETED_DEVICE_FAMILY = "1,2";
				VALIDATE_PRODUCT = YES;
			};
			name = Release;
		};
		E45A78671F58F801006BD787 /* Debug */ = {
			isa = XCBuildConfiguration;
			buildSettings = {
				ASSETCATALOG_COMPILER_APPICON_NAME = AppIcon;
				DEVELOPMENT_TEAM = EE9CJ26R9U;
				INFOPLIST_FILE = MeetingAssistant/Info.plist;
				IPHONEOS_DEPLOYMENT_TARGET = 8.0;
				LD_RUNPATH_SEARCH_PATHS = "$(inherited) @executable_path/Frameworks";
				PRODUCT_BUNDLE_IDENTIFIER = com.yangqingluo.MeetingAssistant;
				PRODUCT_NAME = "$(TARGET_NAME)";
			};
			name = Debug;
		};
		E45A78681F58F801006BD787 /* Release */ = {
			isa = XCBuildConfiguration;
			buildSettings = {
				ASSETCATALOG_COMPILER_APPICON_NAME = AppIcon;
				DEVELOPMENT_TEAM = EE9CJ26R9U;
				INFOPLIST_FILE = MeetingAssistant/Info.plist;
				IPHONEOS_DEPLOYMENT_TARGET = 8.0;
				LD_RUNPATH_SEARCH_PATHS = "$(inherited) @executable_path/Frameworks";
				PRODUCT_BUNDLE_IDENTIFIER = com.yangqingluo.MeetingAssistant;
				PRODUCT_NAME = "$(TARGET_NAME)";
			};
			name = Release;
		};
		E45A786A1F58F801006BD787 /* Debug */ = {
			isa = XCBuildConfiguration;
			buildSettings = {
				BUNDLE_LOADER = "$(TEST_HOST)";
				DEVELOPMENT_TEAM = EE9CJ26R9U;
				INFOPLIST_FILE = MeetingAssistantTests/Info.plist;
				LD_RUNPATH_SEARCH_PATHS = "$(inherited) @executable_path/Frameworks @loader_path/Frameworks";
				PRODUCT_BUNDLE_IDENTIFIER = com.yangqingluo.MeetingAssistantTests;
				PRODUCT_NAME = "$(TARGET_NAME)";
				TEST_HOST = "$(BUILT_PRODUCTS_DIR)/MeetingAssistant.app/MeetingAssistant";
			};
			name = Debug;
		};
		E45A786B1F58F801006BD787 /* Release */ = {
			isa = XCBuildConfiguration;
			buildSettings = {
				BUNDLE_LOADER = "$(TEST_HOST)";
				DEVELOPMENT_TEAM = EE9CJ26R9U;
				INFOPLIST_FILE = MeetingAssistantTests/Info.plist;
				LD_RUNPATH_SEARCH_PATHS = "$(inherited) @executable_path/Frameworks @loader_path/Frameworks";
				PRODUCT_BUNDLE_IDENTIFIER = com.yangqingluo.MeetingAssistantTests;
				PRODUCT_NAME = "$(TARGET_NAME)";
				TEST_HOST = "$(BUILT_PRODUCTS_DIR)/MeetingAssistant.app/MeetingAssistant";
			};
			name = Release;
		};
		E45A786D1F58F801006BD787 /* Debug */ = {
			isa = XCBuildConfiguration;
			buildSettings = {
				DEVELOPMENT_TEAM = EE9CJ26R9U;
				INFOPLIST_FILE = MeetingAssistantUITests/Info.plist;
				LD_RUNPATH_SEARCH_PATHS = "$(inherited) @executable_path/Frameworks @loader_path/Frameworks";
				PRODUCT_BUNDLE_IDENTIFIER = com.yangqingluo.MeetingAssistantUITests;
				PRODUCT_NAME = "$(TARGET_NAME)";
				TEST_TARGET_NAME = MeetingAssistant;
			};
			name = Debug;
		};
		E45A786E1F58F801006BD787 /* Release */ = {
			isa = XCBuildConfiguration;
			buildSettings = {
				DEVELOPMENT_TEAM = EE9CJ26R9U;
				INFOPLIST_FILE = MeetingAssistantUITests/Info.plist;
				LD_RUNPATH_SEARCH_PATHS = "$(inherited) @executable_path/Frameworks @loader_path/Frameworks";
				PRODUCT_BUNDLE_IDENTIFIER = com.yangqingluo.MeetingAssistantUITests;
				PRODUCT_NAME = "$(TARGET_NAME)";
				TEST_TARGET_NAME = MeetingAssistant;
			};
			name = Release;
		};
/* End XCBuildConfiguration section */

/* Begin XCConfigurationList section */
		E45A78341F58F801006BD787 /* Build configuration list for PBXProject "MeetingAssistant" */ = {
			isa = XCConfigurationList;
			buildConfigurations = (
				E45A78641F58F801006BD787 /* Debug */,
				E45A78651F58F801006BD787 /* Release */,
			);
			defaultConfigurationIsVisible = 0;
			defaultConfigurationName = Release;
		};
		E45A78661F58F801006BD787 /* Build configuration list for PBXNativeTarget "MeetingAssistant" */ = {
			isa = XCConfigurationList;
			buildConfigurations = (
				E45A78671F58F801006BD787 /* Debug */,
				E45A78681F58F801006BD787 /* Release */,
			);
			defaultConfigurationIsVisible = 0;
			defaultConfigurationName = Release;
		};
		E45A78691F58F801006BD787 /* Build configuration list for PBXNativeTarget "MeetingAssistantTests" */ = {
			isa = XCConfigurationList;
			buildConfigurations = (
				E45A786A1F58F801006BD787 /* Debug */,
				E45A786B1F58F801006BD787 /* Release */,
			);
			defaultConfigurationIsVisible = 0;
			defaultConfigurationName = Release;
		};
		E45A786C1F58F801006BD787 /* Build configuration list for PBXNativeTarget "MeetingAssistantUITests" */ = {
			isa = XCConfigurationList;
			buildConfigurations = (
				E45A786D1F58F801006BD787 /* Debug */,
				E45A786E1F58F801006BD787 /* Release */,
			);
			defaultConfigurationIsVisible = 0;
			defaultConfigurationName = Release;
		};
/* End XCConfigurationList section */
	};
	rootObject = E45A78311F58F801006BD787 /* Project object */;
}
